{
  "name": "genkey",
  "version": "1.0.0",
  "lockfileVersion": 2,
  "requires": true,
  "packages": {
    "": {
      "name": "genkey",
      "version": "1.0.0",
      "license": "ISC",
      "dependencies": {
        "@noble/ed25519": "^1.6.0"
      }
    },
    "node_modules/@noble/ed25519": {
      "version": "1.6.0",
      "resolved": "https://registry.npmjs.org/@noble/ed25519/-/ed25519-1.6.0.tgz",
      "integrity": "sha512-UKju89WV37IUALIMfKhKW3psO8AqmrE/GvH6QbPKjzolQ98zM7WmGUeY+xdIgSf5tqPFf75ZCYMgym6E9Jsw3Q==",
      "funding": [
        {
          "type": "individual",
          "url": "https://paulmillr.com/funding/"
        }
      ]
    }
  },
  "dependencies": {
    "@noble/ed25519": {
      "version": "1.6.0",
      "resolved": "https://registry.npmjs.org/@noble/ed25519/-/ed25519-1.6.0.tgz",
      "integrity": "sha512-UKju89WV37IUALIMfKhKW3psO8AqmrE/GvH6QbPKjzolQ98zM7WmGUeY+xdIgSf5tqPFf75ZCYMgym6E9Jsw3Q=="
    }
  }
}
